// !$*UTF8*$!
{
	archiveVersion = 1;
	classes = {
	};
	objectVersion = 46;
	objects = {

/* Begin PBXBuildFile section */
		EA5499211E8D0E860024A124 /* AppDelegate.swift in Sources */ = {isa = PBXBuildFile; fileRef = EA5499201E8D0E860024A124 /* AppDelegate.swift */; };
		EA5499231E8D0E860024A124 /* ViewController.swift in Sources */ = {isa = PBXBuildFile; fileRef = EA5499221E8D0E860024A124 /* ViewController.swift */; };
		EA5499261E8D0E860024A124 /* Main.storyboard in Resources */ = {isa = PBXBuildFile; fileRef = EA5499241E8D0E860024A124 /* Main.storyboard */; };
		EA54992B1E8D0E860024A124 /* LaunchScreen.storyboard in Resources */ = {isa = PBXBuildFile; fileRef = EA5499291E8D0E860024A124 /* LaunchScreen.storyboard */; };
		EA903F921E8E36A200F79E6F /* ProperMediaView.h in Headers */ = {isa = PBXBuildFile; fileRef = EA903F901E8E36A200F79E6F /* ProperMediaView.h */; settings = {ATTRIBUTES = (Public, ); }; };
		EA903F9A1E8E36B400F79E6F /* ProperMedia.swift in Sources */ = {isa = PBXBuildFile; fileRef = EA54996E1E8D1A430024A124 /* ProperMedia.swift */; };
		EA903F9B1E8E36BB00F79E6F /* ProperMediaView.swift in Sources */ = {isa = PBXBuildFile; fileRef = EA54995F1E8D16A70024A124 /* ProperMediaView.swift */; };
		EA903F9C1E8E36BE00F79E6F /* ProperMediaFullScreenViewController.swift in Sources */ = {isa = PBXBuildFile; fileRef = EA54995D1E8D16A70024A124 /* ProperMediaFullScreenViewController.swift */; };
		EA903F9D1E8E36C100F79E6F /* ProperMediaFullScreenView.swift in Sources */ = {isa = PBXBuildFile; fileRef = EA54995C1E8D16A70024A124 /* ProperMediaFullScreenView.swift */; };
		EA903F9E1E8E36C500F79E6F /* AVPlayerView.swift in Sources */ = {isa = PBXBuildFile; fileRef = EA5499681E8D16B70024A124 /* AVPlayerView.swift */; };
		EA903F9F1E8E36C900F79E6F /* ProgressImageView.swift in Sources */ = {isa = PBXBuildFile; fileRef = EA54995A1E8D16A70024A124 /* ProgressImageView.swift */; };
		EA903FA01E8E36CC00F79E6F /* BlurView.swift in Sources */ = {isa = PBXBuildFile; fileRef = EA5499591E8D16A70024A124 /* BlurView.swift */; };
		EA903FA11E8E36D000F79E6F /* UIImage+resize.swift in Sources */ = {isa = PBXBuildFile; fileRef = EA5499701E8D1CA40024A124 /* UIImage+resize.swift */; };
		EA903FA21E8E36D300F79E6F /* CGSize+init.swift in Sources */ = {isa = PBXBuildFile; fileRef = EA5499571E8D16A70024A124 /* CGSize+init.swift */; };
		EA903FA31E8E36D600F79E6F /* CGRect+vertexPoint.swift in Sources */ = {isa = PBXBuildFile; fileRef = EA5499561E8D16A70024A124 /* CGRect+vertexPoint.swift */; };
		EA903FA41E8E36DA00F79E6F /* AVAudioSession+MannerMode.swift in Sources */ = {isa = PBXBuildFile; fileRef = EA5499551E8D16A70024A124 /* AVAudioSession+MannerMode.swift */; };
		EA903FA51E8E36DE00F79E6F /* Assets.xcassets in Resources */ = {isa = PBXBuildFile; fileRef = EA54996C1E8D19E00024A124 /* Assets.xcassets */; };
		EA903FA61E8E36E900F79E6F /* ProperMediaView.xib in Resources */ = {isa = PBXBuildFile; fileRef = EA54993F1E8D0F2B0024A124 /* ProperMediaView.xib */; };
		EA903FA91E8E38E200F79E6F /* SDWebImage.framework in Frameworks */ = {isa = PBXBuildFile; fileRef = EA5499431E8D13EB0024A124 /* SDWebImage.framework */; };
		EA903FAA1E8E38E200F79E6F /* SDWebImage.framework in Embed Frameworks */ = {isa = PBXBuildFile; fileRef = EA5499431E8D13EB0024A124 /* SDWebImage.framework */; settings = {ATTRIBUTES = (CodeSignOnCopy, RemoveHeadersOnCopy, ); }; };
		EA903FAC1E8E397E00F79E6F /* SDWebImage.framework in Frameworks */ = {isa = PBXBuildFile; fileRef = EA5499431E8D13EB0024A124 /* SDWebImage.framework */; };
		EA903FAF1E8E3B7900F79E6F /* UIImage+Bundle.swift in Sources */ = {isa = PBXBuildFile; fileRef = EA903FAD1E8E399C00F79E6F /* UIImage+Bundle.swift */; };
		EA903FBA1E8E61C100F79E6F /* ProperMediaView-iOS.h in Headers */ = {isa = PBXBuildFile; fileRef = EA903FB81E8E61C100F79E6F /* ProperMediaView-iOS.h */; settings = {ATTRIBUTES = (Public, ); }; };
		EA903FBD1E8E61C100F79E6F /* ProperMediaView.framework in Frameworks */ = {isa = PBXBuildFile; fileRef = EA903FB61E8E61C100F79E6F /* ProperMediaView.framework */; };
		EA903FBE1E8E61C100F79E6F /* ProperMediaView.framework in Embed Frameworks */ = {isa = PBXBuildFile; fileRef = EA903FB61E8E61C100F79E6F /* ProperMediaView.framework */; settings = {ATTRIBUTES = (CodeSignOnCopy, RemoveHeadersOnCopy, ); }; };
		EA903FC21E8E61D100F79E6F /* AVAudioSession+MannerMode.swift in Sources */ = {isa = PBXBuildFile; fileRef = EA5499551E8D16A70024A124 /* AVAudioSession+MannerMode.swift */; };
		EA903FC31E8E61D400F79E6F /* CGRect+vertexPoint.swift in Sources */ = {isa = PBXBuildFile; fileRef = EA5499561E8D16A70024A124 /* CGRect+vertexPoint.swift */; };
		EA903FC41E8E61D700F79E6F /* CGSize+init.swift in Sources */ = {isa = PBXBuildFile; fileRef = EA5499571E8D16A70024A124 /* CGSize+init.swift */; };
		EA903FC51E8E61DB00F79E6F /* UIImage+Bundle.swift in Sources */ = {isa = PBXBuildFile; fileRef = EA903FAD1E8E399C00F79E6F /* UIImage+Bundle.swift */; };
		EA903FC61E8E61DF00F79E6F /* UIImage+resize.swift in Sources */ = {isa = PBXBuildFile; fileRef = EA5499701E8D1CA40024A124 /* UIImage+resize.swift */; };
		EA903FC71E8E61E400F79E6F /* BlurView.swift in Sources */ = {isa = PBXBuildFile; fileRef = EA5499591E8D16A70024A124 /* BlurView.swift */; };
		EA903FC81E8E61E700F79E6F /* ProgressImageView.swift in Sources */ = {isa = PBXBuildFile; fileRef = EA54995A1E8D16A70024A124 /* ProgressImageView.swift */; };
		EA903FC91E8E61EB00F79E6F /* AVPlayerView.swift in Sources */ = {isa = PBXBuildFile; fileRef = EA5499681E8D16B70024A124 /* AVPlayerView.swift */; };
		EA903FCA1E8E61EF00F79E6F /* ProperMediaFullScreenView.swift in Sources */ = {isa = PBXBuildFile; fileRef = EA54995C1E8D16A70024A124 /* ProperMediaFullScreenView.swift */; };
		EA903FCB1E8E61F200F79E6F /* ProperMediaFullScreenViewController.swift in Sources */ = {isa = PBXBuildFile; fileRef = EA54995D1E8D16A70024A124 /* ProperMediaFullScreenViewController.swift */; };
		EA903FCC1E8E61F600F79E6F /* ProperMediaView.swift in Sources */ = {isa = PBXBuildFile; fileRef = EA54995F1E8D16A70024A124 /* ProperMediaView.swift */; };
		EA903FCD1E8E61FA00F79E6F /* ProperMedia.swift in Sources */ = {isa = PBXBuildFile; fileRef = EA54996E1E8D1A430024A124 /* ProperMedia.swift */; };
		EA903FD01E8E628A00F79E6F /* SDWebImage.framework in Frameworks */ = {isa = PBXBuildFile; fileRef = EA5499431E8D13EB0024A124 /* SDWebImage.framework */; };
		EA903FD11E8E634300F79E6F /* ProperMediaView.xib in Resources */ = {isa = PBXBuildFile; fileRef = EA54993F1E8D0F2B0024A124 /* ProperMediaView.xib */; };
		EA903FD21E8E634700F79E6F /* Assets.xcassets in Resources */ = {isa = PBXBuildFile; fileRef = EA54996C1E8D19E00024A124 /* Assets.xcassets */; };
/* End PBXBuildFile section */

/* Begin PBXContainerItemProxy section */
		EA903FBB1E8E61C100F79E6F /* PBXContainerItemProxy */ = {
			isa = PBXContainerItemProxy;
			containerPortal = EA5499151E8D0E860024A124 /* Project object */;
			proxyType = 1;
			remoteGlobalIDString = EA903FB51E8E61C100F79E6F;
			remoteInfo = "ProperMediaView-iOS";
		};
/* End PBXContainerItemProxy section */

/* Begin PBXCopyFilesBuildPhase section */
		EA903FAB1E8E38E200F79E6F /* Embed Frameworks */ = {
			isa = PBXCopyFilesBuildPhase;
			buildActionMask = 2147483647;
			dstPath = "";
			dstSubfolderSpec = 10;
			files = (
				EA903FBE1E8E61C100F79E6F /* ProperMediaView.framework in Embed Frameworks */,
				EA903FAA1E8E38E200F79E6F /* SDWebImage.framework in Embed Frameworks */,
			);
			name = "Embed Frameworks";
			runOnlyForDeploymentPostprocessing = 0;
		};
/* End PBXCopyFilesBuildPhase section */

/* Begin PBXFileReference section */
		EA54991D1E8D0E860024A124 /* ProperMediaViewDemo.app */ = {isa = PBXFileReference; explicitFileType = wrapper.application; includeInIndex = 0; path = ProperMediaViewDemo.app; sourceTree = BUILT_PRODUCTS_DIR; };
		EA5499201E8D0E860024A124 /* AppDelegate.swift */ = {isa = PBXFileReference; lastKnownFileType = sourcecode.swift; path = AppDelegate.swift; sourceTree = "<group>"; };
		EA5499221E8D0E860024A124 /* ViewController.swift */ = {isa = PBXFileReference; lastKnownFileType = sourcecode.swift; path = ViewController.swift; sourceTree = "<group>"; };
		EA5499251E8D0E860024A124 /* Base */ = {isa = PBXFileReference; lastKnownFileType = file.storyboard; name = Base; path = Base.lproj/Main.storyboard; sourceTree = "<group>"; };
		EA54992A1E8D0E860024A124 /* Base */ = {isa = PBXFileReference; lastKnownFileType = file.storyboard; name = Base; path = Base.lproj/LaunchScreen.storyboard; sourceTree = "<group>"; };
		EA54992C1E8D0E860024A124 /* Info.plist */ = {isa = PBXFileReference; lastKnownFileType = text.plist.xml; path = Info.plist; sourceTree = "<group>"; };
		EA54993F1E8D0F2B0024A124 /* ProperMediaView.xib */ = {isa = PBXFileReference; fileEncoding = 4; lastKnownFileType = file.xib; path = ProperMediaView.xib; sourceTree = "<group>"; };
		EA5499431E8D13EB0024A124 /* SDWebImage.framework */ = {isa = PBXFileReference; lastKnownFileType = wrapper.framework; name = SDWebImage.framework; path = Carthage/Build/iOS/SDWebImage.framework; sourceTree = "<group>"; };
		EA5499551E8D16A70024A124 /* AVAudioSession+MannerMode.swift */ = {isa = PBXFileReference; fileEncoding = 4; lastKnownFileType = sourcecode.swift; path = "AVAudioSession+MannerMode.swift"; sourceTree = "<group>"; };
		EA5499561E8D16A70024A124 /* CGRect+vertexPoint.swift */ = {isa = PBXFileReference; fileEncoding = 4; lastKnownFileType = sourcecode.swift; path = "CGRect+vertexPoint.swift"; sourceTree = "<group>"; };
		EA5499571E8D16A70024A124 /* CGSize+init.swift */ = {isa = PBXFileReference; fileEncoding = 4; lastKnownFileType = sourcecode.swift; path = "CGSize+init.swift"; sourceTree = "<group>"; };
		EA5499591E8D16A70024A124 /* BlurView.swift */ = {isa = PBXFileReference; fileEncoding = 4; lastKnownFileType = sourcecode.swift; path = BlurView.swift; sourceTree = "<group>"; };
		EA54995A1E8D16A70024A124 /* ProgressImageView.swift */ = {isa = PBXFileReference; fileEncoding = 4; lastKnownFileType = sourcecode.swift; path = ProgressImageView.swift; sourceTree = "<group>"; };
		EA54995C1E8D16A70024A124 /* ProperMediaFullScreenView.swift */ = {isa = PBXFileReference; fileEncoding = 4; lastKnownFileType = sourcecode.swift; path = ProperMediaFullScreenView.swift; sourceTree = "<group>"; };
		EA54995D1E8D16A70024A124 /* ProperMediaFullScreenViewController.swift */ = {isa = PBXFileReference; fileEncoding = 4; lastKnownFileType = sourcecode.swift; path = ProperMediaFullScreenViewController.swift; sourceTree = "<group>"; };
		EA54995F1E8D16A70024A124 /* ProperMediaView.swift */ = {isa = PBXFileReference; fileEncoding = 4; lastKnownFileType = sourcecode.swift; path = ProperMediaView.swift; sourceTree = "<group>"; };
		EA5499681E8D16B70024A124 /* AVPlayerView.swift */ = {isa = PBXFileReference; fileEncoding = 4; lastKnownFileType = sourcecode.swift; path = AVPlayerView.swift; sourceTree = "<group>"; };
		EA54996C1E8D19E00024A124 /* Assets.xcassets */ = {isa = PBXFileReference; lastKnownFileType = folder.assetcatalog; path = Assets.xcassets; sourceTree = "<group>"; };
		EA54996E1E8D1A430024A124 /* ProperMedia.swift */ = {isa = PBXFileReference; fileEncoding = 4; lastKnownFileType = sourcecode.swift; path = ProperMedia.swift; sourceTree = "<group>"; };
		EA5499701E8D1CA40024A124 /* UIImage+resize.swift */ = {isa = PBXFileReference; fileEncoding = 4; lastKnownFileType = sourcecode.swift; path = "UIImage+resize.swift"; sourceTree = "<group>"; };
		EA903F8E1E8E36A200F79E6F /* ProperMediaView.framework */ = {isa = PBXFileReference; explicitFileType = wrapper.framework; includeInIndex = 0; path = ProperMediaView.framework; sourceTree = BUILT_PRODUCTS_DIR; };
		EA903F901E8E36A200F79E6F /* ProperMediaView.h */ = {isa = PBXFileReference; lastKnownFileType = sourcecode.c.h; path = ProperMediaView.h; sourceTree = "<group>"; };
		EA903F911E8E36A200F79E6F /* Info.plist */ = {isa = PBXFileReference; lastKnownFileType = text.plist.xml; path = Info.plist; sourceTree = "<group>"; };
		EA903FAD1E8E399C00F79E6F /* UIImage+Bundle.swift */ = {isa = PBXFileReference; fileEncoding = 4; lastKnownFileType = sourcecode.swift; path = "UIImage+Bundle.swift"; sourceTree = "<group>"; };
		EA903FB61E8E61C100F79E6F /* ProperMediaView.framework */ = {isa = PBXFileReference; explicitFileType = wrapper.framework; includeInIndex = 0; path = ProperMediaView.framework; sourceTree = BUILT_PRODUCTS_DIR; };
		EA903FB81E8E61C100F79E6F /* ProperMediaView-iOS.h */ = {isa = PBXFileReference; lastKnownFileType = sourcecode.c.h; path = "ProperMediaView-iOS.h"; sourceTree = "<group>"; };
		EA903FB91E8E61C100F79E6F /* Info.plist */ = {isa = PBXFileReference; lastKnownFileType = text.plist.xml; path = Info.plist; sourceTree = "<group>"; };
/* End PBXFileReference section */

/* Begin PBXFrameworksBuildPhase section */
		EA54991A1E8D0E860024A124 /* Frameworks */ = {
			isa = PBXFrameworksBuildPhase;
			buildActionMask = 2147483647;
			files = (
				EA903FBD1E8E61C100F79E6F /* ProperMediaView.framework in Frameworks */,
				EA903FA91E8E38E200F79E6F /* SDWebImage.framework in Frameworks */,
			);
			runOnlyForDeploymentPostprocessing = 0;
		};
		EA903F8A1E8E36A200F79E6F /* Frameworks */ = {
			isa = PBXFrameworksBuildPhase;
			buildActionMask = 2147483647;
			files = (
				EA903FAC1E8E397E00F79E6F /* SDWebImage.framework in Frameworks */,
			);
			runOnlyForDeploymentPostprocessing = 0;
		};
		EA903FB21E8E61C100F79E6F /* Frameworks */ = {
			isa = PBXFrameworksBuildPhase;
			buildActionMask = 2147483647;
			files = (
				EA903FD01E8E628A00F79E6F /* SDWebImage.framework in Frameworks */,
			);
			runOnlyForDeploymentPostprocessing = 0;
		};
/* End PBXFrameworksBuildPhase section */

/* Begin PBXGroup section */
		EA5499141E8D0E860024A124 = {
			isa = PBXGroup;
			children = (
				EA54991F1E8D0E860024A124 /* ProperMediaViewDemo */,
				EA903F8F1E8E36A200F79E6F /* ProperMediaView */,
				EA903FB71E8E61C100F79E6F /* ProperMediaView-iOS */,
				EA54991E1E8D0E860024A124 /* Products */,
				EA5499421E8D13EB0024A124 /* Frameworks */,
			);
			sourceTree = "<group>";
		};
		EA54991E1E8D0E860024A124 /* Products */ = {
			isa = PBXGroup;
			children = (
				EA54991D1E8D0E860024A124 /* ProperMediaViewDemo.app */,
				EA903F8E1E8E36A200F79E6F /* ProperMediaView.framework */,
				EA903FB61E8E61C100F79E6F /* ProperMediaView.framework */,
			);
			name = Products;
			sourceTree = "<group>";
		};
		EA54991F1E8D0E860024A124 /* ProperMediaViewDemo */ = {
			isa = PBXGroup;
			children = (
				EA5499531E8D16A70024A124 /* Classes */,
				EA54993E1E8D0F2B0024A124 /* Resources */,
				EA5499201E8D0E860024A124 /* AppDelegate.swift */,
				EA5499221E8D0E860024A124 /* ViewController.swift */,
				EA5499241E8D0E860024A124 /* Main.storyboard */,
				EA5499291E8D0E860024A124 /* LaunchScreen.storyboard */,
				EA54992C1E8D0E860024A124 /* Info.plist */,
			);
			path = ProperMediaViewDemo;
			sourceTree = "<group>";
		};
		EA54993E1E8D0F2B0024A124 /* Resources */ = {
			isa = PBXGroup;
			children = (
				EA54996C1E8D19E00024A124 /* Assets.xcassets */,
				EA54993F1E8D0F2B0024A124 /* ProperMediaView.xib */,
			);
			name = Resources;
			path = ../../Resources;
			sourceTree = "<group>";
		};
		EA5499421E8D13EB0024A124 /* Frameworks */ = {
			isa = PBXGroup;
			children = (
				EA5499431E8D13EB0024A124 /* SDWebImage.framework */,
			);
			name = Frameworks;
			sourceTree = "<group>";
		};
		EA5499531E8D16A70024A124 /* Classes */ = {
			isa = PBXGroup;
			children = (
				EA5499541E8D16A70024A124 /* Category */,
				EA5499581E8D16A70024A124 /* CustomView */,
				EA54995B1E8D16A70024A124 /* ProperMediaFullScreenViewController */,
				EA54995E1E8D16A70024A124 /* ProperMediaView */,
				EA54996E1E8D1A430024A124 /* ProperMedia.swift */,
			);
			name = Classes;
			path = ../../Classes;
			sourceTree = "<group>";
		};
		EA5499541E8D16A70024A124 /* Category */ = {
			isa = PBXGroup;
			children = (
				EA5499551E8D16A70024A124 /* AVAudioSession+MannerMode.swift */,
				EA5499561E8D16A70024A124 /* CGRect+vertexPoint.swift */,
				EA5499571E8D16A70024A124 /* CGSize+init.swift */,
				EA5499701E8D1CA40024A124 /* UIImage+resize.swift */,
				EA903FAD1E8E399C00F79E6F /* UIImage+Bundle.swift */,
			);
			path = Category;
			sourceTree = "<group>";
		};
		EA5499581E8D16A70024A124 /* CustomView */ = {
			isa = PBXGroup;
			children = (
				EA5499591E8D16A70024A124 /* BlurView.swift */,
				EA54995A1E8D16A70024A124 /* ProgressImageView.swift */,
				EA5499681E8D16B70024A124 /* AVPlayerView.swift */,
			);
			path = CustomView;
			sourceTree = "<group>";
		};
		EA54995B1E8D16A70024A124 /* ProperMediaFullScreenViewController */ = {
			isa = PBXGroup;
			children = (
				EA54995C1E8D16A70024A124 /* ProperMediaFullScreenView.swift */,
				EA54995D1E8D16A70024A124 /* ProperMediaFullScreenViewController.swift */,
			);
			path = ProperMediaFullScreenViewController;
			sourceTree = "<group>";
		};
		EA54995E1E8D16A70024A124 /* ProperMediaView */ = {
			isa = PBXGroup;
			children = (
				EA54995F1E8D16A70024A124 /* ProperMediaView.swift */,
			);
			path = ProperMediaView;
			sourceTree = "<group>";
		};
		EA903F8F1E8E36A200F79E6F /* ProperMediaView */ = {
			isa = PBXGroup;
			children = (
				EA903F901E8E36A200F79E6F /* ProperMediaView.h */,
				EA903F911E8E36A200F79E6F /* Info.plist */,
			);
			path = ProperMediaView;
			sourceTree = "<group>";
		};
		EA903FB71E8E61C100F79E6F /* ProperMediaView-iOS */ = {
			isa = PBXGroup;
			children = (
				EA903FB81E8E61C100F79E6F /* ProperMediaView-iOS.h */,
				EA903FB91E8E61C100F79E6F /* Info.plist */,
			);
			path = "ProperMediaView-iOS";
			sourceTree = "<group>";
		};
/* End PBXGroup section */

/* Begin PBXHeadersBuildPhase section */
		EA903F8B1E8E36A200F79E6F /* Headers */ = {
			isa = PBXHeadersBuildPhase;
			buildActionMask = 2147483647;
			files = (
				EA903F921E8E36A200F79E6F /* ProperMediaView.h in Headers */,
			);
			runOnlyForDeploymentPostprocessing = 0;
		};
		EA903FB31E8E61C100F79E6F /* Headers */ = {
			isa = PBXHeadersBuildPhase;
			buildActionMask = 2147483647;
			files = (
				EA903FBA1E8E61C100F79E6F /* ProperMediaView-iOS.h in Headers */,
			);
			runOnlyForDeploymentPostprocessing = 0;
		};
/* End PBXHeadersBuildPhase section */

/* Begin PBXNativeTarget section */
		EA54991C1E8D0E860024A124 /* ProperMediaViewDemo */ = {
			isa = PBXNativeTarget;
			buildConfigurationList = EA54992F1E8D0E860024A124 /* Build configuration list for PBXNativeTarget "ProperMediaViewDemo" */;
			buildPhases = (
				EA5499191E8D0E860024A124 /* Sources */,
				EA54991A1E8D0E860024A124 /* Frameworks */,
				EA54991B1E8D0E860024A124 /* Resources */,
				EA5499411E8D12B70024A124 /* ShellScript */,
				EA903FAB1E8E38E200F79E6F /* Embed Frameworks */,
			);
			buildRules = (
			);
			dependencies = (
				EA903FBC1E8E61C100F79E6F /* PBXTargetDependency */,
			);
			name = ProperMediaViewDemo;
			productName = ProperMediaViewDemo;
			productReference = EA54991D1E8D0E860024A124 /* ProperMediaViewDemo.app */;
			productType = "com.apple.product-type.application";
		};
		EA903F8D1E8E36A200F79E6F /* ProperMediaView */ = {
			isa = PBXNativeTarget;
			buildConfigurationList = EA903F991E8E36A200F79E6F /* Build configuration list for PBXNativeTarget "ProperMediaView" */;
			buildPhases = (
				EA903F891E8E36A200F79E6F /* Sources */,
				EA903F8A1E8E36A200F79E6F /* Frameworks */,
				EA903F8B1E8E36A200F79E6F /* Headers */,
				EA903F8C1E8E36A200F79E6F /* Resources */,
				EA903FB01E8E43AF00F79E6F /* ShellScript */,
			);
			buildRules = (
			);
			dependencies = (
			);
			name = ProperMediaView;
			productName = ProperMediaView;
			productReference = EA903F8E1E8E36A200F79E6F /* ProperMediaView.framework */;
			productType = "com.apple.product-type.framework";
		};
		EA903FB51E8E61C100F79E6F /* ProperMediaView-iOS */ = {
			isa = PBXNativeTarget;
			buildConfigurationList = EA903FBF1E8E61C100F79E6F /* Build configuration list for PBXNativeTarget "ProperMediaView-iOS" */;
			buildPhases = (
				EA903FB11E8E61C100F79E6F /* Sources */,
				EA903FB21E8E61C100F79E6F /* Frameworks */,
				EA903FB31E8E61C100F79E6F /* Headers */,
				EA903FB41E8E61C100F79E6F /* Resources */,
				EA903FCF1E8E622C00F79E6F /* ShellScript */,
			);
			buildRules = (
			);
			dependencies = (
			);
			name = "ProperMediaView-iOS";
			productName = "ProperMediaView-iOS";
			productReference = EA903FB61E8E61C100F79E6F /* ProperMediaView.framework */;
			productType = "com.apple.product-type.framework";
		};
/* End PBXNativeTarget section */

/* Begin PBXProject section */
		EA5499151E8D0E860024A124 /* Project object */ = {
			isa = PBXProject;
			attributes = {
				LastSwiftUpdateCheck = 0820;
				LastUpgradeCheck = 0820;
				ORGANIZATIONNAME = Murawaki;
				TargetAttributes = {
					EA54991C1E8D0E860024A124 = {
						CreatedOnToolsVersion = 8.2.1;
						DevelopmentTeam = 58347496P5;
						ProvisioningStyle = Automatic;
					};
					EA903F8D1E8E36A200F79E6F = {
						CreatedOnToolsVersion = 8.3;
						DevelopmentTeam = 58347496P5;
						ProvisioningStyle = Automatic;
					};
					EA903FB51E8E61C100F79E6F = {
						CreatedOnToolsVersion = 8.3;
						DevelopmentTeam = 58347496P5;
						ProvisioningStyle = Automatic;
					};
				};
			};
			buildConfigurationList = EA5499181E8D0E860024A124 /* Build configuration list for PBXProject "ProperMediaViewDemo" */;
			compatibilityVersion = "Xcode 3.2";
			developmentRegion = English;
			hasScannedForEncodings = 0;
			knownRegions = (
				en,
				Base,
			);
			mainGroup = EA5499141E8D0E860024A124;
			productRefGroup = EA54991E1E8D0E860024A124 /* Products */;
			projectDirPath = "";
			projectRoot = "";
			targets = (
				EA54991C1E8D0E860024A124 /* ProperMediaViewDemo */,
				EA903F8D1E8E36A200F79E6F /* ProperMediaView */,
				EA903FB51E8E61C100F79E6F /* ProperMediaView-iOS */,
			);
		};
/* End PBXProject section */

/* Begin PBXResourcesBuildPhase section */
		EA54991B1E8D0E860024A124 /* Resources */ = {
			isa = PBXResourcesBuildPhase;
			buildActionMask = 2147483647;
			files = (
				EA54992B1E8D0E860024A124 /* LaunchScreen.storyboard in Resources */,
				EA5499261E8D0E860024A124 /* Main.storyboard in Resources */,
			);
			runOnlyForDeploymentPostprocessing = 0;
		};
		EA903F8C1E8E36A200F79E6F /* Resources */ = {
			isa = PBXResourcesBuildPhase;
			buildActionMask = 2147483647;
			files = (
				EA903FA51E8E36DE00F79E6F /* Assets.xcassets in Resources */,
				EA903FA61E8E36E900F79E6F /* ProperMediaView.xib in Resources */,
			);
			runOnlyForDeploymentPostprocessing = 0;
		};
		EA903FB41E8E61C100F79E6F /* Resources */ = {
			isa = PBXResourcesBuildPhase;
			buildActionMask = 2147483647;
			files = (
				EA903FD21E8E634700F79E6F /* Assets.xcassets in Resources */,
				EA903FD11E8E634300F79E6F /* ProperMediaView.xib in Resources */,
			);
			runOnlyForDeploymentPostprocessing = 0;
		};
/* End PBXResourcesBuildPhase section */

/* Begin PBXShellScriptBuildPhase section */
		EA5499411E8D12B70024A124 /* ShellScript */ = {
			isa = PBXShellScriptBuildPhase;
			buildActionMask = 2147483647;
			files = (
			);
			inputPaths = (
				"$(SRCROOT)/Carthage/Build/iOS/SDWebImage.framework",
			);
			outputPaths = (
			);
			runOnlyForDeploymentPostprocessing = 0;
			shellPath = /bin/sh;
			shellScript = "/usr/local/bin/carthage copy-frameworks\n";
		};
		EA903FB01E8E43AF00F79E6F /* ShellScript */ = {
			isa = PBXShellScriptBuildPhase;
			buildActionMask = 2147483647;
			files = (
			);
			inputPaths = (
				"$(SRCROOT)/Carthage/Build/iOS/SDWebImage.framework",
			);
			outputPaths = (
			);
			runOnlyForDeploymentPostprocessing = 0;
			shellPath = /bin/sh;
			shellScript = "/usr/local/bin/carthage copy-frameworks\n";
		};
		EA903FCF1E8E622C00F79E6F /* ShellScript */ = {
			isa = PBXShellScriptBuildPhase;
			buildActionMask = 2147483647;
			files = (
			);
			inputPaths = (
				"$(SRCROOT)/Carthage/Build/iOS/SDWebImage.framework",
			);
			outputPaths = (
			);
			runOnlyForDeploymentPostprocessing = 0;
			shellPath = /bin/sh;
			shellScript = "/usr/local/bin/carthage copy-frameworks";
		};
/* End PBXShellScriptBuildPhase section */

/* Begin PBXSourcesBuildPhase section */
		EA5499191E8D0E860024A124 /* Sources */ = {
			isa = PBXSourcesBuildPhase;
			buildActionMask = 2147483647;
			files = (
				EA5499231E8D0E860024A124 /* ViewController.swift in Sources */,
				EA5499211E8D0E860024A124 /* AppDelegate.swift in Sources */,
			);
			runOnlyForDeploymentPostprocessing = 0;
		};
		EA903F891E8E36A200F79E6F /* Sources */ = {
			isa = PBXSourcesBuildPhase;
			buildActionMask = 2147483647;
			files = (
				EA903F9D1E8E36C100F79E6F /* ProperMediaFullScreenView.swift in Sources */,
				EA903FA01E8E36CC00F79E6F /* BlurView.swift in Sources */,
				EA903F9C1E8E36BE00F79E6F /* ProperMediaFullScreenViewController.swift in Sources */,
				EA903FA41E8E36DA00F79E6F /* AVAudioSession+MannerMode.swift in Sources */,
				EA903F9A1E8E36B400F79E6F /* ProperMedia.swift in Sources */,
				EA903F9B1E8E36BB00F79E6F /* ProperMediaView.swift in Sources */,
				EA903FA11E8E36D000F79E6F /* UIImage+resize.swift in Sources */,
				EA903F9E1E8E36C500F79E6F /* AVPlayerView.swift in Sources */,
				EA903FA21E8E36D300F79E6F /* CGSize+init.swift in Sources */,
				EA903FAF1E8E3B7900F79E6F /* UIImage+Bundle.swift in Sources */,
				EA903FA31E8E36D600F79E6F /* CGRect+vertexPoint.swift in Sources */,
				EA903F9F1E8E36C900F79E6F /* ProgressImageView.swift in Sources */,
			);
			runOnlyForDeploymentPostprocessing = 0;
		};
		EA903FB11E8E61C100F79E6F /* Sources */ = {
			isa = PBXSourcesBuildPhase;
			buildActionMask = 2147483647;
			files = (
				EA903FCC1E8E61F600F79E6F /* ProperMediaView.swift in Sources */,
				EA903FCB1E8E61F200F79E6F /* ProperMediaFullScreenViewController.swift in Sources */,
				EA903FC31E8E61D400F79E6F /* CGRect+vertexPoint.swift in Sources */,
				EA903FC51E8E61DB00F79E6F /* UIImage+Bundle.swift in Sources */,
				EA903FCD1E8E61FA00F79E6F /* ProperMedia.swift in Sources */,
				EA903FC41E8E61D700F79E6F /* CGSize+init.swift in Sources */,
				EA903FC81E8E61E700F79E6F /* ProgressImageView.swift in Sources */,
				EA903FC91E8E61EB00F79E6F /* AVPlayerView.swift in Sources */,
				EA903FC21E8E61D100F79E6F /* AVAudioSession+MannerMode.swift in Sources */,
				EA903FC61E8E61DF00F79E6F /* UIImage+resize.swift in Sources */,
				EA903FCA1E8E61EF00F79E6F /* ProperMediaFullScreenView.swift in Sources */,
				EA903FC71E8E61E400F79E6F /* BlurView.swift in Sources */,
			);
			runOnlyForDeploymentPostprocessing = 0;
		};
/* End PBXSourcesBuildPhase section */

/* Begin PBXTargetDependency section */
		EA903FBC1E8E61C100F79E6F /* PBXTargetDependency */ = {
			isa = PBXTargetDependency;
			target = EA903FB51E8E61C100F79E6F /* ProperMediaView-iOS */;
			targetProxy = EA903FBB1E8E61C100F79E6F /* PBXContainerItemProxy */;
		};
/* End PBXTargetDependency section */

/* Begin PBXVariantGroup section */
		EA5499241E8D0E860024A124 /* Main.storyboard */ = {
			isa = PBXVariantGroup;
			children = (
				EA5499251E8D0E860024A124 /* Base */,
			);
			name = Main.storyboard;
			sourceTree = "<group>";
		};
		EA5499291E8D0E860024A124 /* LaunchScreen.storyboard */ = {
			isa = PBXVariantGroup;
			children = (
				EA54992A1E8D0E860024A124 /* Base */,
			);
			name = LaunchScreen.storyboard;
			sourceTree = "<group>";
		};
/* End PBXVariantGroup section */

/* Begin XCBuildConfiguration section */
		EA54992D1E8D0E860024A124 /* Debug */ = {
			isa = XCBuildConfiguration;
			buildSettings = {
				ALWAYS_SEARCH_USER_PATHS = NO;
				CLANG_ANALYZER_NONNULL = YES;
				CLANG_CXX_LANGUAGE_STANDARD = "gnu++0x";
				CLANG_CXX_LIBRARY = "libc++";
				CLANG_ENABLE_MODULES = YES;
				CLANG_ENABLE_OBJC_ARC = YES;
				CLANG_WARN_BOOL_CONVERSION = YES;
				CLANG_WARN_CONSTANT_CONVERSION = YES;
				CLANG_WARN_DIRECT_OBJC_ISA_USAGE = YES_ERROR;
				CLANG_WARN_DOCUMENTATION_COMMENTS = YES;
				CLANG_WARN_EMPTY_BODY = YES;
				CLANG_WARN_ENUM_CONVERSION = YES;
				CLANG_WARN_INFINITE_RECURSION = YES;
				CLANG_WARN_INT_CONVERSION = YES;
				CLANG_WARN_OBJC_ROOT_CLASS = YES_ERROR;
				CLANG_WARN_SUSPICIOUS_MOVE = YES;
				CLANG_WARN_UNREACHABLE_CODE = YES;
				CLANG_WARN__DUPLICATE_METHOD_MATCH = YES;
				"CODE_SIGN_IDENTITY[sdk=iphoneos*]" = "iPhone Developer";
				COPY_PHASE_STRIP = NO;
				DEBUG_INFORMATION_FORMAT = dwarf;
				ENABLE_STRICT_OBJC_MSGSEND = YES;
				ENABLE_TESTABILITY = YES;
				GCC_C_LANGUAGE_STANDARD = gnu99;
				GCC_DYNAMIC_NO_PIC = NO;
				GCC_NO_COMMON_BLOCKS = YES;
				GCC_OPTIMIZATION_LEVEL = 0;
				GCC_PREPROCESSOR_DEFINITIONS = (
					"DEBUG=1",
					"$(inherited)",
				);
				GCC_WARN_64_TO_32_BIT_CONVERSION = YES;
				GCC_WARN_ABOUT_RETURN_TYPE = YES_ERROR;
				GCC_WARN_UNDECLARED_SELECTOR = YES;
				GCC_WARN_UNINITIALIZED_AUTOS = YES_AGGRESSIVE;
				GCC_WARN_UNUSED_FUNCTION = YES;
				GCC_WARN_UNUSED_VARIABLE = YES;
				IPHONEOS_DEPLOYMENT_TARGET = 10.2;
				MTL_ENABLE_DEBUG_INFO = YES;
				ONLY_ACTIVE_ARCH = YES;
				SDKROOT = iphoneos;
				SWIFT_ACTIVE_COMPILATION_CONDITIONS = DEBUG;
				SWIFT_OPTIMIZATION_LEVEL = "-Onone";
				TARGETED_DEVICE_FAMILY = "1,2";
			};
			name = Debug;
		};
		EA54992E1E8D0E860024A124 /* Release */ = {
			isa = XCBuildConfiguration;
			buildSettings = {
				ALWAYS_SEARCH_USER_PATHS = NO;
				CLANG_ANALYZER_NONNULL = YES;
				CLANG_CXX_LANGUAGE_STANDARD = "gnu++0x";
				CLANG_CXX_LIBRARY = "libc++";
				CLANG_ENABLE_MODULES = YES;
				CLANG_ENABLE_OBJC_ARC = YES;
				CLANG_WARN_BOOL_CONVERSION = YES;
				CLANG_WARN_CONSTANT_CONVERSION = YES;
				CLANG_WARN_DIRECT_OBJC_ISA_USAGE = YES_ERROR;
				CLANG_WARN_DOCUMENTATION_COMMENTS = YES;
				CLANG_WARN_EMPTY_BODY = YES;
				CLANG_WARN_ENUM_CONVERSION = YES;
				CLANG_WARN_INFINITE_RECURSION = YES;
				CLANG_WARN_INT_CONVERSION = YES;
				CLANG_WARN_OBJC_ROOT_CLASS = YES_ERROR;
				CLANG_WARN_SUSPICIOUS_MOVE = YES;
				CLANG_WARN_UNREACHABLE_CODE = YES;
				CLANG_WARN__DUPLICATE_METHOD_MATCH = YES;
				"CODE_SIGN_IDENTITY[sdk=iphoneos*]" = "iPhone Developer";
				COPY_PHASE_STRIP = NO;
				DEBUG_INFORMATION_FORMAT = "dwarf-with-dsym";
				ENABLE_NS_ASSERTIONS = NO;
				ENABLE_STRICT_OBJC_MSGSEND = YES;
				GCC_C_LANGUAGE_STANDARD = gnu99;
				GCC_NO_COMMON_BLOCKS = YES;
				GCC_WARN_64_TO_32_BIT_CONVERSION = YES;
				GCC_WARN_ABOUT_RETURN_TYPE = YES_ERROR;
				GCC_WARN_UNDECLARED_SELECTOR = YES;
				GCC_WARN_UNINITIALIZED_AUTOS = YES_AGGRESSIVE;
				GCC_WARN_UNUSED_FUNCTION = YES;
				GCC_WARN_UNUSED_VARIABLE = YES;
				IPHONEOS_DEPLOYMENT_TARGET = 10.2;
				MTL_ENABLE_DEBUG_INFO = NO;
				SDKROOT = iphoneos;
				SWIFT_OPTIMIZATION_LEVEL = "-Owholemodule";
				TARGETED_DEVICE_FAMILY = "1,2";
				VALIDATE_PRODUCT = YES;
			};
			name = Release;
		};
		EA5499301E8D0E860024A124 /* Debug */ = {
			isa = XCBuildConfiguration;
			buildSettings = {
				ALWAYS_EMBED_SWIFT_STANDARD_LIBRARIES = YES;
				ASSETCATALOG_COMPILER_APPICON_NAME = AppIcon;
				DEVELOPMENT_TEAM = 58347496P5;
				FRAMEWORK_SEARCH_PATHS = (
					"$(inherited)",
					"$(PROJECT_DIR)/Carthage/Build/iOS",
				);
				INFOPLIST_FILE = ProperMediaViewDemo/Info.plist;
				IPHONEOS_DEPLOYMENT_TARGET = 9.0;
				LD_RUNPATH_SEARCH_PATHS = "$(inherited) @executable_path/Frameworks";
				PRODUCT_BUNDLE_IDENTIFIER = m.m.ProperMediaViewDemo;
				PRODUCT_NAME = "$(TARGET_NAME)";
				SWIFT_VERSION = 3.0;
			};
			name = Debug;
		};
		EA5499311E8D0E860024A124 /* Release */ = {
			isa = XCBuildConfiguration;
			buildSettings = {
				ALWAYS_EMBED_SWIFT_STANDARD_LIBRARIES = YES;
				ASSETCATALOG_COMPILER_APPICON_NAME = AppIcon;
				DEVELOPMENT_TEAM = 58347496P5;
				FRAMEWORK_SEARCH_PATHS = (
					"$(inherited)",
					"$(PROJECT_DIR)/Carthage/Build/iOS",
				);
				INFOPLIST_FILE = ProperMediaViewDemo/Info.plist;
				IPHONEOS_DEPLOYMENT_TARGET = 9.0;
				LD_RUNPATH_SEARCH_PATHS = "$(inherited) @executable_path/Frameworks";
				PRODUCT_BUNDLE_IDENTIFIER = m.m.ProperMediaViewDemo;
				PRODUCT_NAME = "$(TARGET_NAME)";
				SWIFT_VERSION = 3.0;
			};
			name = Release;
		};
		EA903F971E8E36A200F79E6F /* Debug */ = {
			isa = XCBuildConfiguration;
			buildSettings = {
				CLANG_ANALYZER_NUMBER_OBJECT_CONVERSION = YES_AGGRESSIVE;
				CODE_SIGN_IDENTITY = "";
				CURRENT_PROJECT_VERSION = 1;
				DEFINES_MODULE = YES;
				DEVELOPMENT_TEAM = 58347496P5;
				DYLIB_COMPATIBILITY_VERSION = 1;
				DYLIB_CURRENT_VERSION = 1;
				DYLIB_INSTALL_NAME_BASE = "@rpath";
				FRAMEWORK_SEARCH_PATHS = (
					"$(inherited)",
					"$(PROJECT_DIR)/Carthage/Build/iOS",
				);
				INFOPLIST_FILE = ProperMediaView/Info.plist;
				INSTALL_PATH = "$(LOCAL_LIBRARY_DIR)/Frameworks";
				IPHONEOS_DEPLOYMENT_TARGET = 9.0;
				LD_RUNPATH_SEARCH_PATHS = "$(inherited) @executable_path/Frameworks @loader_path/Frameworks";
				PRODUCT_BUNDLE_IDENTIFIER = m.m.ProperMediaView;
				PRODUCT_NAME = "$(TARGET_NAME)";
				SKIP_INSTALL = YES;
				SWIFT_VERSION = 3.0;
				TARGETED_DEVICE_FAMILY = "1,2";
				VERSIONING_SYSTEM = "apple-generic";
				VERSION_INFO_PREFIX = "";
			};
			name = Debug;
		};
		EA903F981E8E36A200F79E6F /* Release */ = {
			isa = XCBuildConfiguration;
			buildSettings = {
				CLANG_ANALYZER_NUMBER_OBJECT_CONVERSION = YES_AGGRESSIVE;
				CODE_SIGN_IDENTITY = "";
				CURRENT_PROJECT_VERSION = 1;
				DEFINES_MODULE = YES;
				DEVELOPMENT_TEAM = 58347496P5;
				DYLIB_COMPATIBILITY_VERSION = 1;
				DYLIB_CURRENT_VERSION = 1;
				DYLIB_INSTALL_NAME_BASE = "@rpath";
				FRAMEWORK_SEARCH_PATHS = (
					"$(inherited)",
					"$(PROJECT_DIR)/Carthage/Build/iOS",
				);
				INFOPLIST_FILE = ProperMediaView/Info.plist;
				INSTALL_PATH = "$(LOCAL_LIBRARY_DIR)/Frameworks";
				IPHONEOS_DEPLOYMENT_TARGET = 9.0;
				LD_RUNPATH_SEARCH_PATHS = "$(inherited) @executable_path/Frameworks @loader_path/Frameworks";
				PRODUCT_BUNDLE_IDENTIFIER = m.m.ProperMediaView;
				PRODUCT_NAME = "$(TARGET_NAME)";
				SKIP_INSTALL = YES;
				SWIFT_VERSION = 3.0;
				TARGETED_DEVICE_FAMILY = "1,2";
				VERSIONING_SYSTEM = "apple-generic";
				VERSION_INFO_PREFIX = "";
			};
			name = Release;
		};
		EA903FC01E8E61C100F79E6F /* Debug */ = {
			isa = XCBuildConfiguration;
			buildSettings = {
				CLANG_ANALYZER_NUMBER_OBJECT_CONVERSION = YES_AGGRESSIVE;
				CODE_SIGN_IDENTITY = "";
				CURRENT_PROJECT_VERSION = 1;
				DEFINES_MODULE = YES;
				DEVELOPMENT_TEAM = 58347496P5;
				DYLIB_COMPATIBILITY_VERSION = 1;
				DYLIB_CURRENT_VERSION = 1;
				DYLIB_INSTALL_NAME_BASE = "@rpath";
				FRAMEWORK_SEARCH_PATHS = (
					"$(inherited)",
					"$(PROJECT_DIR)/Carthage/Build/iOS",
				);
				INFOPLIST_FILE = "ProperMediaView-iOS/Info.plist";
				INSTALL_PATH = "$(LOCAL_LIBRARY_DIR)/Frameworks";
				IPHONEOS_DEPLOYMENT_TARGET = 9.0;
				LD_RUNPATH_SEARCH_PATHS = "$(inherited) @executable_path/Frameworks @loader_path/Frameworks";
				PRODUCT_BUNDLE_IDENTIFIER = "m.m.ProperMediaView-iOS";
				PRODUCT_NAME = ProperMediaView;
				SKIP_INSTALL = YES;
				SWIFT_VERSION = 3.0;
				VERSIONING_SYSTEM = "apple-generic";
				VERSION_INFO_PREFIX = "";
			};
			name = Debug;
		};
		EA903FC11E8E61C100F79E6F /* Release */ = {
			isa = XCBuildConfiguration;
			buildSettings = {
				CLANG_ANALYZER_NUMBER_OBJECT_CONVERSION = YES_AGGRESSIVE;
				CODE_SIGN_IDENTITY = "";
				CURRENT_PROJECT_VERSION = 1;
				DEFINES_MODULE = YES;
				DEVELOPMENT_TEAM = 58347496P5;
				DYLIB_COMPATIBILITY_VERSION = 1;
				DYLIB_CURRENT_VERSION = 1;
				DYLIB_INSTALL_NAME_BASE = "@rpath";
				FRAMEWORK_SEARCH_PATHS = (
					"$(inherited)",
					"$(PROJECT_DIR)/Carthage/Build/iOS",
				);
				INFOPLIST_FILE = "ProperMediaView-iOS/Info.plist";
				INSTALL_PATH = "$(LOCAL_LIBRARY_DIR)/Frameworks";
				IPHONEOS_DEPLOYMENT_TARGET = 9.0;
				LD_RUNPATH_SEARCH_PATHS = "$(inherited) @executable_path/Frameworks @loader_path/Frameworks";
				PRODUCT_BUNDLE_IDENTIFIER = "m.m.ProperMediaView-iOS";
				PRODUCT_NAME = ProperMediaView;
				SKIP_INSTALL = YES;
				SWIFT_VERSION = 3.0;
				VERSIONING_SYSTEM = "apple-generic";
				VERSION_INFO_PREFIX = "";
			};
			name = Release;
		};
/* End XCBuildConfiguration section */

/* Begin XCConfigurationList section */
		EA5499181E8D0E860024A124 /* Build configuration list for PBXProject "ProperMediaViewDemo" */ = {
			isa = XCConfigurationList;
			buildConfigurations = (
				EA54992D1E8D0E860024A124 /* Debug */,
				EA54992E1E8D0E860024A124 /* Release */,
			);
			defaultConfigurationIsVisible = 0;
			defaultConfigurationName = Release;
		};
		EA54992F1E8D0E860024A124 /* Build configuration list for PBXNativeTarget "ProperMediaViewDemo" */ = {
			isa = XCConfigurationList;
			buildConfigurations = (
				EA5499301E8D0E860024A124 /* Debug */,
				EA5499311E8D0E860024A124 /* Release */,
			);
			defaultConfigurationIsVisible = 0;
			defaultConfigurationName = Release;
		};
		EA903F991E8E36A200F79E6F /* Build configuration list for PBXNativeTarget "ProperMediaView" */ = {
			isa = XCConfigurationList;
			buildConfigurations = (
				EA903F971E8E36A200F79E6F /* Debug */,
				EA903F981E8E36A200F79E6F /* Release */,
			);
			defaultConfigurationIsVisible = 0;
		};
		EA903FBF1E8E61C100F79E6F /* Build configuration list for PBXNativeTarget "ProperMediaView-iOS" */ = {
			isa = XCConfigurationList;
			buildConfigurations = (
				EA903FC01E8E61C100F79E6F /* Debug */,
				EA903FC11E8E61C100F79E6F /* Release */,
			);
			defaultConfigurationIsVisible = 0;
		};
/* End XCConfigurationList section */
	};
	rootObject = EA5499151E8D0E860024A124 /* Project object */;
}
